
Microsoft Visual Studio Solution File, Format Version 12.00
# Visual Studio Version 17
VisualStudioVersion = 17.8.34330.188
MinimumVisualStudioVersion = 10.0.40219.1
Project("{FAE04EC0-301F-11D3-BF4B-00C04F79EFBC}") = "Phase1Section5.8_Inharitence", "Phase1Section5.8_Inharitence\Phase1Section5.8_Inharitence.csproj", "{EA7650BC-A2C1-4197-9371-8F16868CD7BF}"
EndProject
Global
	GlobalSection(SolutionConfigurationPlatforms) = preSolution
		Debug|Any CPU = Debug|Any CPU
		Release|Any CPU = Release|Any CPU
	EndGlobalSection
	GlobalSection(ProjectConfigurationPlatforms) = postSolution
		{EA7650BC-A2C1-4197-9371-8F16868CD7BF}.Debug|Any CPU.ActiveCfg = Debug|Any CPU
		{EA7650BC-A2C1-4197-9371-8F16868CD7BF}.Debug|Any CPU.Build.0 = Debug|Any CPU
		{EA7650BC-A2C1-4197-9371-8F16868CD7BF}.Release|Any CPU.ActiveCfg = Release|Any CPU
		{EA7650BC-A2C1-4197-9371-8F16868CD7BF}.Release|Any CPU.Build.0 = Release|Any CPU
	EndGlobalSection
	GlobalSection(SolutionProperties) = preSolution
		HideSolutionNode = FALSE
	EndGlobalSection
	GlobalSection(ExtensibilityGlobals) = postSolution
		SolutionGuid = {3E4C5134-A1F6-4DD9-A95F-1740DD725D32}
	EndGlobalSection
EndGlobal
